
Microsoft Visual Studio Solution File, Format Version 12.00
# Visual Studio 15
VisualStudioVersion = 15.0.28307.902
MinimumVisualStudioVersion = 10.0.40219.1
Project("{FAE04EC0-301F-11D3-BF4B-00C04F79EFBC}") = "Tema2", "Tema2\Tema2.csproj", "{3B86FB32-CDB8-4C4F-B798-E90ACB464315}"
EndProject
Global
	GlobalSection(SolutionConfigurationPlatforms) = preSolution
		Debug|Any CPU = Debug|Any CPU
		Release|Any CPU = Release|Any CPU
	EndGlobalSection
	GlobalSection(ProjectConfigurationPlatforms) = postSolution
		{3B86FB32-CDB8-4C4F-B798-E90ACB464315}.Debug|Any CPU.ActiveCfg = Debug|Any CPU
		{3B86FB32-CDB8-4C4F-B798-E90ACB464315}.Debug|Any CPU.Build.0 = Debug|Any CPU
		{3B86FB32-CDB8-4C4F-B798-E90ACB464315}.Release|Any CPU.ActiveCfg = Release|Any CPU
		{3B86FB32-CDB8-4C4F-B798-E90ACB464315}.Release|Any CPU.Build.0 = Release|Any CPU
	EndGlobalSection
	GlobalSection(SolutionProperties) = preSolution
		HideSolutionNode = FALSE
	EndGlobalSection
	GlobalSection(ExtensibilityGlobals) = postSolution
		SolutionGuid = {C18427BC-4A29-4A47-9C9A-408C1BC44128}
	EndGlobalSection
EndGlobal
